
Microsoft Visual Studio Solution File, Format Version 12.00
# Visual Studio Version 17
VisualStudioVersion = 17.13.35931.197 d17.13
MinimumVisualStudioVersion = 10.0.40219.1
Project("{FAE04EC0-301F-11D3-BF4B-00C04F79EFBC}") = "OrderService.API", "OrderService.API\OrderService.API.csproj", "{FE58D065-8C01-4772-AEE5-C2074832E567}"
EndProject
Project("{FAE04EC0-301F-11D3-BF4B-00C04F79EFBC}") = "OrderService.Application", "OrderService.Application\OrderService.Application.csproj", "{59EB215E-1F94-42A3-AB3A-6F8FCD1DD022}"
EndProject
Project("{FAE04EC0-301F-11D3-BF4B-00C04F79EFBC}") = "OrderService.Domain", "OrderService.Domain\OrderService.Domain.csproj", "{50DD4043-8C71-4062-BD72-A9B9D3C281B2}"
EndProject
Project("{FAE04EC0-301F-11D3-BF4B-00C04F79EFBC}") = "OrderService.Infrastructure", "OrderService.Infrastructure\OrderService.Infrastructure.csproj", "{665D5375-5DA7-4C57-BF16-DC785D3C2B29}"
EndProject
Project("{FAE04EC0-301F-11D3-BF4B-00C04F79EFBC}") = "Shared", "..\Shared\Shared.csproj", "{6311C115-D585-51B9-BEA0-07373A03268A}"
EndProject
Global
	GlobalSection(SolutionConfigurationPlatforms) = preSolution
		Debug|Any CPU = Debug|Any CPU
		Release|Any CPU = Release|Any CPU
	EndGlobalSection
	GlobalSection(ProjectConfigurationPlatforms) = postSolution
		{FE58D065-8C01-4772-AEE5-C2074832E567}.Debug|Any CPU.ActiveCfg = Debug|Any CPU
		{FE58D065-8C01-4772-AEE5-C2074832E567}.Debug|Any CPU.Build.0 = Debug|Any CPU
		{FE58D065-8C01-4772-AEE5-C2074832E567}.Release|Any CPU.ActiveCfg = Release|Any CPU
		{FE58D065-8C01-4772-AEE5-C2074832E567}.Release|Any CPU.Build.0 = Release|Any CPU
		{59EB215E-1F94-42A3-AB3A-6F8FCD1DD022}.Debug|Any CPU.ActiveCfg = Debug|Any CPU
		{59EB215E-1F94-42A3-AB3A-6F8FCD1DD022}.Debug|Any CPU.Build.0 = Debug|Any CPU
		{59EB215E-1F94-42A3-AB3A-6F8FCD1DD022}.Release|Any CPU.ActiveCfg = Release|Any CPU
		{59EB215E-1F94-42A3-AB3A-6F8FCD1DD022}.Release|Any CPU.Build.0 = Release|Any CPU
		{50DD4043-8C71-4062-BD72-A9B9D3C281B2}.Debug|Any CPU.ActiveCfg = Debug|Any CPU
		{50DD4043-8C71-4062-BD72-A9B9D3C281B2}.Debug|Any CPU.Build.0 = Debug|Any CPU
		{50DD4043-8C71-4062-BD72-A9B9D3C281B2}.Release|Any CPU.ActiveCfg = Release|Any CPU
		{50DD4043-8C71-4062-BD72-A9B9D3C281B2}.Release|Any CPU.Build.0 = Release|Any CPU
		{665D5375-5DA7-4C57-BF16-DC785D3C2B29}.Debug|Any CPU.ActiveCfg = Debug|Any CPU
		{665D5375-5DA7-4C57-BF16-DC785D3C2B29}.Debug|Any CPU.Build.0 = Debug|Any CPU
		{665D5375-5DA7-4C57-BF16-DC785D3C2B29}.Release|Any CPU.ActiveCfg = Release|Any CPU
		{665D5375-5DA7-4C57-BF16-DC785D3C2B29}.Release|Any CPU.Build.0 = Release|Any CPU
		{6311C115-D585-51B9-BEA0-07373A03268A}.Debug|Any CPU.ActiveCfg = Debug|Any CPU
		{6311C115-D585-51B9-BEA0-07373A03268A}.Debug|Any CPU.Build.0 = Debug|Any CPU
		{6311C115-D585-51B9-BEA0-07373A03268A}.Release|Any CPU.ActiveCfg = Release|Any CPU
		{6311C115-D585-51B9-BEA0-07373A03268A}.Release|Any CPU.Build.0 = Release|Any CPU
	EndGlobalSection
	GlobalSection(SolutionProperties) = preSolution
		HideSolutionNode = FALSE
	EndGlobalSection
	GlobalSection(ExtensibilityGlobals) = postSolution
		SolutionGuid = {4C00DA9A-3072-438F-834B-F0E450F3561F}
	EndGlobalSection
EndGlobal
